
Microsoft Visual Studio Solution File, Format Version 12.00
# Visual Studio Version 17
VisualStudioVersion = 17.5.33414.496
MinimumVisualStudioVersion = 10.0.40219.1
Project("{FAE04EC0-301F-11D3-BF4B-00C04F79EFBC}") = "G3Archive", "src\G3Archive.csproj", "{8AE35014-B5AB-44E9-8ED0-EE21BA2DF15C}"
EndProject
Global
	GlobalSection(SolutionConfigurationPlatforms) = preSolution
		Debug|Any CPU = Debug|Any CPU
		Release|Any CPU = Release|Any CPU
	EndGlobalSection
	GlobalSection(ProjectConfigurationPlatforms) = postSolution
		{8AE35014-B5AB-44E9-8ED0-EE21BA2DF15C}.Debug|Any CPU.ActiveCfg = Debug|Any CPU
		{8AE35014-B5AB-44E9-8ED0-EE21BA2DF15C}.Debug|Any CPU.Build.0 = Debug|Any CPU
		{8AE35014-B5AB-44E9-8ED0-EE21BA2DF15C}.Release|Any CPU.ActiveCfg = Release|Any CPU
		{8AE35014-B5AB-44E9-8ED0-EE21BA2DF15C}.Release|Any CPU.Build.0 = Release|Any CPU
	EndGlobalSection
	GlobalSection(SolutionProperties) = preSolution
		HideSolutionNode = FALSE
	EndGlobalSection
	GlobalSection(ExtensibilityGlobals) = postSolution
		SolutionGuid = {974F5ECB-7B3A-47D7-8CB3-1FD3E97EFD29}
	EndGlobalSection
EndGlobal
